
Microsoft Visual Studio Solution File, Format Version 12.00
# Visual Studio Version 17
VisualStudioVersion = 17.8.34330.188
MinimumVisualStudioVersion = 10.0.40219.1
Project("{FAE04EC0-301F-11D3-BF4B-00C04F79EFBC}") = "WorkerHealthChecks", "WorkerHealthChecks\WorkerHealthChecks.csproj", "{607A509A-9D3C-481F-B26A-11E2A2C8043D}"
EndProject
Project("{FAE04EC0-301F-11D3-BF4B-00C04F79EFBC}") = "WorkerHealthChecks.Sample", "WorkerHealthChecks.Sample\WorkerHealthChecks.Sample.csproj", "{7486BE82-361A-4C38-BD38-97FF20CD1EBF}"
EndProject
Global
	GlobalSection(SolutionConfigurationPlatforms) = preSolution
		Debug|Any CPU = Debug|Any CPU
		Release|Any CPU = Release|Any CPU
	EndGlobalSection
	GlobalSection(ProjectConfigurationPlatforms) = postSolution
		{607A509A-9D3C-481F-B26A-11E2A2C8043D}.Debug|Any CPU.ActiveCfg = Debug|Any CPU
		{607A509A-9D3C-481F-B26A-11E2A2C8043D}.Debug|Any CPU.Build.0 = Debug|Any CPU
		{607A509A-9D3C-481F-B26A-11E2A2C8043D}.Release|Any CPU.ActiveCfg = Release|Any CPU
		{607A509A-9D3C-481F-B26A-11E2A2C8043D}.Release|Any CPU.Build.0 = Release|Any CPU
		{7486BE82-361A-4C38-BD38-97FF20CD1EBF}.Debug|Any CPU.ActiveCfg = Debug|Any CPU
		{7486BE82-361A-4C38-BD38-97FF20CD1EBF}.Debug|Any CPU.Build.0 = Debug|Any CPU
		{7486BE82-361A-4C38-BD38-97FF20CD1EBF}.Release|Any CPU.ActiveCfg = Release|Any CPU
		{7486BE82-361A-4C38-BD38-97FF20CD1EBF}.Release|Any CPU.Build.0 = Release|Any CPU
	EndGlobalSection
	GlobalSection(SolutionProperties) = preSolution
		HideSolutionNode = FALSE
	EndGlobalSection
	GlobalSection(ExtensibilityGlobals) = postSolution
		SolutionGuid = {24C48057-3989-406E-904D-F4C382A12361}
	EndGlobalSection
EndGlobal
